
Microsoft Visual Studio Solution File, Format Version 12.00
# Visual Studio 15
VisualStudioVersion = 15.0.28010.2036
MinimumVisualStudioVersion = 10.0.40219.1
Project("{8BC9CEB8-8B4A-11D0-8D11-00A0C91BC942}") = "Game Engine", "Game Engine.vcxproj", "{9AD7F407-7E41-4D2C-BFEC-A3A707437956}"
EndProject
Global
	GlobalSection(SolutionConfigurationPlatforms) = preSolution
		Debug|x86 = Debug|x86
		Release|x86 = Release|x86
	EndGlobalSection
	GlobalSection(ProjectConfigurationPlatforms) = postSolution
		{9AD7F407-7E41-4D2C-BFEC-A3A707437956}.Debug|x86.ActiveCfg = Debug|Win32
		{9AD7F407-7E41-4D2C-BFEC-A3A707437956}.Debug|x86.Build.0 = Debug|Win32
		{9AD7F407-7E41-4D2C-BFEC-A3A707437956}.Release|x86.ActiveCfg = Release|Win32
		{9AD7F407-7E41-4D2C-BFEC-A3A707437956}.Release|x86.Build.0 = Release|Win32
	EndGlobalSection
	GlobalSection(SolutionProperties) = preSolution
		HideSolutionNode = FALSE
	EndGlobalSection
	GlobalSection(ExtensibilityGlobals) = postSolution
		SolutionGuid = {6C62A2F6-D1D7-45F8-AC14-0D798064318E}
	EndGlobalSection
EndGlobal
